// !$*UTF8*$!
{
	archiveVersion = 1;
	classes = {
	};
	objectVersion = 52;
	objects = {

/* Begin PBXBuildFile section */
		0108AA7B246750AB0012B2C6 /* AppDelegate.swift in Sources */ = {isa = PBXBuildFile; fileRef = 0108AA7A246750AB0012B2C6 /* AppDelegate.swift */; };
		0108AA7D246750AB0012B2C6 /* SceneDelegate.swift in Sources */ = {isa = PBXBuildFile; fileRef = 0108AA7C246750AB0012B2C6 /* SceneDelegate.swift */; };
		0108AA7F246750AB0012B2C6 /* Brewskies.swift in Sources */ = {isa = PBXBuildFile; fileRef = 0108AA7E246750AB0012B2C6 /* Brewskies.swift */; };
		0108AA81246750AE0012B2C6 /* Assets.xcassets in Resources */ = {isa = PBXBuildFile; fileRef = 0108AA80246750AE0012B2C6 /* Assets.xcassets */; };
		0108AA87246750AE0012B2C6 /* LaunchScreen.storyboard in Resources */ = {isa = PBXBuildFile; fileRef = 0108AA85246750AE0012B2C6 /* LaunchScreen.storyboard */; };
		0108AA92246750AE0012B2C6 /* BrewskiesTests.swift in Sources */ = {isa = PBXBuildFile; fileRef = 0108AA91246750AE0012B2C6 /* BrewskiesTests.swift */; };
		011CDF2F246A30BA0066D2F4 /* ComposableArchitecture in Frameworks */ = {isa = PBXBuildFile; productRef = 011CDF2E246A30BA0066D2F4 /* ComposableArchitecture */; };
/* End PBXBuildFile section */

/* Begin PBXContainerItemProxy section */
		0108AA8E246750AE0012B2C6 /* PBXContainerItemProxy */ = {
			isa = PBXContainerItemProxy;
			containerPortal = 0108AA6F246750AB0012B2C6 /* Project object */;
			proxyType = 1;
			remoteGlobalIDString = 0108AA76246750AB0012B2C6;
			remoteInfo = Brewskies;
		};
/* End PBXContainerItemProxy section */

/* Begin PBXCopyFilesBuildPhase section */
		0108AAA3246750EE0012B2C6 /* Embed Frameworks */ = {
			isa = PBXCopyFilesBuildPhase;
			buildActionMask = 2147483647;
			dstPath = "";
			dstSubfolderSpec = 10;
			files = (
			);
			name = "Embed Frameworks";
			runOnlyForDeploymentPostprocessing = 0;
		};
		0108AAA4246750EE0012B2C6 /* Embed Frameworks */ = {
			isa = PBXCopyFilesBuildPhase;
			buildActionMask = 2147483647;
			dstPath = "";
			dstSubfolderSpec = 10;
			files = (
			);
			name = "Embed Frameworks";
			runOnlyForDeploymentPostprocessing = 0;
		};
/* End PBXCopyFilesBuildPhase section */

/* Begin PBXFileReference section */
		0108AA77246750AB0012B2C6 /* Brewskies.app */ = {isa = PBXFileReference; explicitFileType = wrapper.application; includeInIndex = 0; path = Brewskies.app; sourceTree = BUILT_PRODUCTS_DIR; };
		0108AA7A246750AB0012B2C6 /* AppDelegate.swift */ = {isa = PBXFileReference; lastKnownFileType = sourcecode.swift; path = AppDelegate.swift; sourceTree = "<group>"; };
		0108AA7C246750AB0012B2C6 /* SceneDelegate.swift */ = {isa = PBXFileReference; lastKnownFileType = sourcecode.swift; path = SceneDelegate.swift; sourceTree = "<group>"; };
		0108AA7E246750AB0012B2C6 /* Brewskies.swift */ = {isa = PBXFileReference; lastKnownFileType = sourcecode.swift; path = Brewskies.swift; sourceTree = "<group>"; };
		0108AA80246750AE0012B2C6 /* Assets.xcassets */ = {isa = PBXFileReference; lastKnownFileType = folder.assetcatalog; path = Assets.xcassets; sourceTree = "<group>"; };
		0108AA86246750AE0012B2C6 /* Base */ = {isa = PBXFileReference; lastKnownFileType = file.storyboard; name = Base; path = Base.lproj/LaunchScreen.storyboard; sourceTree = "<group>"; };
		0108AA88246750AE0012B2C6 /* Info.plist */ = {isa = PBXFileReference; lastKnownFileType = text.plist.xml; path = Info.plist; sourceTree = "<group>"; };
		0108AA8D246750AE0012B2C6 /* BrewskiesTests.xctest */ = {isa = PBXFileReference; explicitFileType = wrapper.cfbundle; includeInIndex = 0; path = BrewskiesTests.xctest; sourceTree = BUILT_PRODUCTS_DIR; };
		0108AA91246750AE0012B2C6 /* BrewskiesTests.swift */ = {isa = PBXFileReference; lastKnownFileType = sourcecode.swift; path = BrewskiesTests.swift; sourceTree = "<group>"; };
		0108AA93246750AE0012B2C6 /* Info.plist */ = {isa = PBXFileReference; lastKnownFileType = text.plist.xml; path = Info.plist; sourceTree = "<group>"; };
/* End PBXFileReference section */

/* Begin PBXFrameworksBuildPhase section */
		0108AA74246750AB0012B2C6 /* Frameworks */ = {
			isa = PBXFrameworksBuildPhase;
			buildActionMask = 2147483647;
			files = (
				011CDF2F246A30BA0066D2F4 /* ComposableArchitecture in Frameworks */,
			);
			runOnlyForDeploymentPostprocessing = 0;
		};
		0108AA8A246750AE0012B2C6 /* Frameworks */ = {
			isa = PBXFrameworksBuildPhase;
			buildActionMask = 2147483647;
			files = (
			);
			runOnlyForDeploymentPostprocessing = 0;
		};
/* End PBXFrameworksBuildPhase section */

/* Begin PBXGroup section */
		0108AA6E246750AB0012B2C6 = {
			isa = PBXGroup;
			children = (
				0108AA79246750AB0012B2C6 /* Brewskies */,
				0108AA90246750AE0012B2C6 /* BrewskiesTests */,
				0108AA78246750AB0012B2C6 /* Products */,
			);
			sourceTree = "<group>";
		};
		0108AA78246750AB0012B2C6 /* Products */ = {
			isa = PBXGroup;
			children = (
				0108AA77246750AB0012B2C6 /* Brewskies.app */,
				0108AA8D246750AE0012B2C6 /* BrewskiesTests.xctest */,
			);
			name = Products;
			sourceTree = "<group>";
		};
		0108AA79246750AB0012B2C6 /* Brewskies */ = {
			isa = PBXGroup;
			children = (
				0108AA7A246750AB0012B2C6 /* AppDelegate.swift */,
				0108AA7C246750AB0012B2C6 /* SceneDelegate.swift */,
				0108AA7E246750AB0012B2C6 /* Brewskies.swift */,
				0108AA80246750AE0012B2C6 /* Assets.xcassets */,
				0108AA85246750AE0012B2C6 /* LaunchScreen.storyboard */,
				0108AA88246750AE0012B2C6 /* Info.plist */,
				0108AA82246750AE0012B2C6 /* Preview Content */,
			);
			path = Brewskies;
			sourceTree = "<group>";
		};
		0108AA82246750AE0012B2C6 /* Preview Content */ = {
			isa = PBXGroup;
			children = (
			);
			path = "Preview Content";
			sourceTree = "<group>";
		};
		0108AA90246750AE0012B2C6 /* BrewskiesTests */ = {
			isa = PBXGroup;
			children = (
				0108AA91246750AE0012B2C6 /* BrewskiesTests.swift */,
				0108AA93246750AE0012B2C6 /* Info.plist */,
			);
			path = BrewskiesTests;
			sourceTree = "<group>";
		};
/* End PBXGroup section */

/* Begin PBXNativeTarget section */
		0108AA76246750AB0012B2C6 /* Brewskies */ = {
			isa = PBXNativeTarget;
			buildConfigurationList = 0108AA96246750AE0012B2C6 /* Build configuration list for PBXNativeTarget "Brewskies" */;
			buildPhases = (
				0108AA73246750AB0012B2C6 /* Sources */,
				0108AA74246750AB0012B2C6 /* Frameworks */,
				0108AA75246750AB0012B2C6 /* Resources */,
				0108AAA3246750EE0012B2C6 /* Embed Frameworks */,
			);
			buildRules = (
			);
			dependencies = (
			);
			name = Brewskies;
			packageProductDependencies = (
				011CDF2E246A30BA0066D2F4 /* ComposableArchitecture */,
			);
			productName = Brewskies;
			productReference = 0108AA77246750AB0012B2C6 /* Brewskies.app */;
			productType = "com.apple.product-type.application";
		};
		0108AA8C246750AE0012B2C6 /* BrewskiesTests */ = {
			isa = PBXNativeTarget;
			buildConfigurationList = 0108AA99246750AE0012B2C6 /* Build configuration list for PBXNativeTarget "BrewskiesTests" */;
			buildPhases = (
				0108AA89246750AE0012B2C6 /* Sources */,
				0108AA8A246750AE0012B2C6 /* Frameworks */,
				0108AA8B246750AE0012B2C6 /* Resources */,
				0108AAA4246750EE0012B2C6 /* Embed Frameworks */,
			);
			buildRules = (
			);
			dependencies = (
				0108AA8F246750AE0012B2C6 /* PBXTargetDependency */,
			);
			name = BrewskiesTests;
			packageProductDependencies = (
			);
			productName = BrewskiesTests;
			productReference = 0108AA8D246750AE0012B2C6 /* BrewskiesTests.xctest */;
			productType = "com.apple.product-type.bundle.unit-test";
		};
/* End PBXNativeTarget section */

/* Begin PBXProject section */
		0108AA6F246750AB0012B2C6 /* Project object */ = {
			isa = PBXProject;
			attributes = {
				LastSwiftUpdateCheck = 1140;
				LastUpgradeCheck = 1140;
				ORGANIZATIONNAME = "Vipul Delwadia";
				TargetAttributes = {
					0108AA76246750AB0012B2C6 = {
						CreatedOnToolsVersion = 11.4;
					};
					0108AA8C246750AE0012B2C6 = {
						CreatedOnToolsVersion = 11.4;
						TestTargetID = 0108AA76246750AB0012B2C6;
					};
				};
			};
			buildConfigurationList = 0108AA72246750AB0012B2C6 /* Build configuration list for PBXProject "Brewskies" */;
			compatibilityVersion = "Xcode 9.3";
			developmentRegion = en;
			hasScannedForEncodings = 0;
			knownRegions = (
				en,
				Base,
			);
			mainGroup = 0108AA6E246750AB0012B2C6;
			packageReferences = (
				011CDF2D246A30BA0066D2F4 /* XCRemoteSwiftPackageReference "swift-composable-architecture" */,
			);
			productRefGroup = 0108AA78246750AB0012B2C6 /* Products */;
			projectDirPath = "";
			projectRoot = "";
			targets = (
				0108AA76246750AB0012B2C6 /* Brewskies */,
				0108AA8C246750AE0012B2C6 /* BrewskiesTests */,
			);
		};
/* End PBXProject section */

/* Begin PBXResourcesBuildPhase section */
		0108AA75246750AB0012B2C6 /* Resources */ = {
			isa = PBXResourcesBuildPhase;
			buildActionMask = 2147483647;
			files = (
				0108AA87246750AE0012B2C6 /* LaunchScreen.storyboard in Resources */,
				0108AA81246750AE0012B2C6 /* Assets.xcassets in Resources */,
			);
			runOnlyForDeploymentPostprocessing = 0;
		};
		0108AA8B246750AE0012B2C6 /* Resources */ = {
			isa = PBXResourcesBuildPhase;
			buildActionMask = 2147483647;
			files = (
			);
			runOnlyForDeploymentPostprocessing = 0;
		};
/* End PBXResourcesBuildPhase section */

/* Begin PBXSourcesBuildPhase section */
		0108AA73246750AB0012B2C6 /* Sources */ = {
			isa = PBXSourcesBuildPhase;
			buildActionMask = 2147483647;
			files = (
				0108AA7B246750AB0012B2C6 /* AppDelegate.swift in Sources */,
				0108AA7D246750AB0012B2C6 /* SceneDelegate.swift in Sources */,
				0108AA7F246750AB0012B2C6 /* Brewskies.swift in Sources */,
			);
			runOnlyForDeploymentPostprocessing = 0;
		};
		0108AA89246750AE0012B2C6 /* Sources */ = {
			isa = PBXSourcesBuildPhase;
			buildActionMask = 2147483647;
			files = (
				0108AA92246750AE0012B2C6 /* BrewskiesTests.swift in Sources */,
			);
			runOnlyForDeploymentPostprocessing = 0;
		};
/* End PBXSourcesBuildPhase section */

/* Begin PBXTargetDependency section */
		0108AA8F246750AE0012B2C6 /* PBXTargetDependency */ = {
			isa = PBXTargetDependency;
			target = 0108AA76246750AB0012B2C6 /* Brewskies */;
			targetProxy = 0108AA8E246750AE0012B2C6 /* PBXContainerItemProxy */;
		};
/* End PBXTargetDependency section */

/* Begin PBXVariantGroup section */
		0108AA85246750AE0012B2C6 /* LaunchScreen.storyboard */ = {
			isa = PBXVariantGroup;
			children = (
				0108AA86246750AE0012B2C6 /* Base */,
			);
			name = LaunchScreen.storyboard;
			sourceTree = "<group>";
		};
/* End PBXVariantGroup section */

/* Begin XCBuildConfiguration section */
		0108AA94246750AE0012B2C6 /* Debug */ = {
			isa = XCBuildConfiguration;
			buildSettings = {
				ALWAYS_SEARCH_USER_PATHS = NO;
				CLANG_ANALYZER_NONNULL = YES;
				CLANG_ANALYZER_NUMBER_OBJECT_CONVERSION = YES_AGGRESSIVE;
				CLANG_CXX_LANGUAGE_STANDARD = "gnu++14";
				CLANG_CXX_LIBRARY = "libc++";
				CLANG_ENABLE_MODULES = YES;
				CLANG_ENABLE_OBJC_ARC = YES;
				CLANG_ENABLE_OBJC_WEAK = YES;
				CLANG_WARN_BLOCK_CAPTURE_AUTORELEASING = YES;
				CLANG_WARN_BOOL_CONVERSION = YES;
				CLANG_WARN_COMMA = YES;
				CLANG_WARN_CONSTANT_CONVERSION = YES;
				CLANG_WARN_DEPRECATED_OBJC_IMPLEMENTATIONS = YES;
				CLANG_WARN_DIRECT_OBJC_ISA_USAGE = YES_ERROR;
				CLANG_WARN_DOCUMENTATION_COMMENTS = YES;
				CLANG_WARN_EMPTY_BODY = YES;
				CLANG_WARN_ENUM_CONVERSION = YES;
				CLANG_WARN_INFINITE_RECURSION = YES;
				CLANG_WARN_INT_CONVERSION = YES;
				CLANG_WARN_NON_LITERAL_NULL_CONVERSION = YES;
				CLANG_WARN_OBJC_IMPLICIT_RETAIN_SELF = YES;
				CLANG_WARN_OBJC_LITERAL_CONVERSION = YES;
				CLANG_WARN_OBJC_ROOT_CLASS = YES_ERROR;
				CLANG_WARN_RANGE_LOOP_ANALYSIS = YES;
				CLANG_WARN_STRICT_PROTOTYPES = YES;
				CLANG_WARN_SUSPICIOUS_MOVE = YES;
				CLANG_WARN_UNGUARDED_AVAILABILITY = YES_AGGRESSIVE;
				CLANG_WARN_UNREACHABLE_CODE = YES;
				CLANG_WARN__DUPLICATE_METHOD_MATCH = YES;
				COPY_PHASE_STRIP = NO;
				DEBUG_INFORMATION_FORMAT = dwarf;
				ENABLE_STRICT_OBJC_MSGSEND = YES;
				ENABLE_TESTABILITY = YES;
				GCC_C_LANGUAGE_STANDARD = gnu11;
				GCC_DYNAMIC_NO_PIC = NO;
				GCC_NO_COMMON_BLOCKS = YES;
				GCC_OPTIMIZATION_LEVEL = 0;
				GCC_PREPROCESSOR_DEFINITIONS = (
					"DEBUG=1",
					"$(inherited)",
				);
				GCC_WARN_64_TO_32_BIT_CONVERSION = YES;
				GCC_WARN_ABOUT_RETURN_TYPE = YES_ERROR;
				GCC_WARN_UNDECLARED_SELECTOR = YES;
				GCC_WARN_UNINITIALIZED_AUTOS = YES_AGGRESSIVE;
				GCC_WARN_UNUSED_FUNCTION = YES;
				GCC_WARN_UNUSED_VARIABLE = YES;
				IPHONEOS_DEPLOYMENT_TARGET = 13.1;
				MTL_ENABLE_DEBUG_INFO = INCLUDE_SOURCE;
				MTL_FAST_MATH = YES;
				ONLY_ACTIVE_ARCH = YES;
				SDKROOT = iphoneos;
				SWIFT_ACTIVE_COMPILATION_CONDITIONS = DEBUG;
				SWIFT_OPTIMIZATION_LEVEL = "-Onone";
			};
			name = Debug;
		};
		0108AA95246750AE0012B2C6 /* Release */ = {
			isa = XCBuildConfiguration;
			buildSettings = {
				ALWAYS_SEARCH_USER_PATHS = NO;
				CLANG_ANALYZER_NONNULL = YES;
				CLANG_ANALYZER_NUMBER_OBJECT_CONVERSION = YES_AGGRESSIVE;
				CLANG_CXX_LANGUAGE_STANDARD = "gnu++14";
				CLANG_CXX_LIBRARY = "libc++";
				CLANG_ENABLE_MODULES = YES;
				CLANG_ENABLE_OBJC_ARC = YES;
				CLANG_ENABLE_OBJC_WEAK = YES;
				CLANG_WARN_BLOCK_CAPTURE_AUTORELEASING = YES;
				CLANG_WARN_BOOL_CONVERSION = YES;
				CLANG_WARN_COMMA = YES;
				CLANG_WARN_CONSTANT_CONVERSION = YES;
				CLANG_WARN_DEPRECATED_OBJC_IMPLEMENTATIONS = YES;
				CLANG_WARN_DIRECT_OBJC_ISA_USAGE = YES_ERROR;
				CLANG_WARN_DOCUMENTATION_COMMENTS = YES;
				CLANG_WARN_EMPTY_BODY = YES;
				CLANG_WARN_ENUM_CONVERSION = YES;
				CLANG_WARN_INFINITE_RECURSION = YES;
				CLANG_WARN_INT_CONVERSION = YES;
				CLANG_WARN_NON_LITERAL_NULL_CONVERSION = YES;
				CLANG_WARN_OBJC_IMPLICIT_RETAIN_SELF = YES;
				CLANG_WARN_OBJC_LITERAL_CONVERSION = YES;
				CLANG_WARN_OBJC_ROOT_CLASS = YES_ERROR;
				CLANG_WARN_RANGE_LOOP_ANALYSIS = YES;
				CLANG_WARN_STRICT_PROTOTYPES = YES;
				CLANG_WARN_SUSPICIOUS_MOVE = YES;
				CLANG_WARN_UNGUARDED_AVAILABILITY = YES_AGGRESSIVE;
				CLANG_WARN_UNREACHABLE_CODE = YES;
				CLANG_WARN__DUPLICATE_METHOD_MATCH = YES;
				COPY_PHASE_STRIP = NO;
				DEBUG_INFORMATION_FORMAT = "dwarf-with-dsym";
				ENABLE_NS_ASSERTIONS = NO;
				ENABLE_STRICT_OBJC_MSGSEND = YES;
				GCC_C_LANGUAGE_STANDARD = gnu11;
				GCC_NO_COMMON_BLOCKS = YES;
				GCC_WARN_64_TO_32_BIT_CONVERSION = YES;
				GCC_WARN_ABOUT_RETURN_TYPE = YES_ERROR;
				GCC_WARN_UNDECLARED_SELECTOR = YES;
				GCC_WARN_UNINITIALIZED_AUTOS = YES_AGGRESSIVE;
				GCC_WARN_UNUSED_FUNCTION = YES;
				GCC_WARN_UNUSED_VARIABLE = YES;
				IPHONEOS_DEPLOYMENT_TARGET = 13.1;
				MTL_ENABLE_DEBUG_INFO = NO;
				MTL_FAST_MATH = YES;
				SDKROOT = iphoneos;
				SWIFT_COMPILATION_MODE = wholemodule;
				SWIFT_OPTIMIZATION_LEVEL = "-O";
				VALIDATE_PRODUCT = YES;
			};
			name = Release;
		};
		0108AA97246750AE0012B2C6 /* Debug */ = {
			isa = XCBuildConfiguration;
			buildSettings = {
				ASSETCATALOG_COMPILER_APPICON_NAME = AppIcon;
				CODE_SIGN_STYLE = Automatic;
				DEVELOPMENT_TEAM = TLX7RVSV2G;
				ENABLE_PREVIEWS = YES;
				INFOPLIST_FILE = Brewskies/Info.plist;
				LD_RUNPATH_SEARCH_PATHS = (
					"$(inherited)",
					"@executable_path/Frameworks",
				);
				PRODUCT_BUNDLE_IDENTIFIER = nz.ac.r.Brewskies2;
				PRODUCT_NAME = "$(TARGET_NAME)";
				SWIFT_VERSION = 5.0;
				TARGETED_DEVICE_FAMILY = "1,2";
			};
			name = Debug;
		};
		0108AA98246750AE0012B2C6 /* Release */ = {
			isa = XCBuildConfiguration;
			buildSettings = {
				ASSETCATALOG_COMPILER_APPICON_NAME = AppIcon;
				CODE_SIGN_STYLE = Automatic;
				DEVELOPMENT_TEAM = TLX7RVSV2G;
				ENABLE_PREVIEWS = YES;
				INFOPLIST_FILE = Brewskies/Info.plist;
				LD_RUNPATH_SEARCH_PATHS = (
					"$(inherited)",
					"@executable_path/Frameworks",
				);
				PRODUCT_BUNDLE_IDENTIFIER = nz.ac.r.Brewskies2;
				PRODUCT_NAME = "$(TARGET_NAME)";
				SWIFT_VERSION = 5.0;
				TARGETED_DEVICE_FAMILY = "1,2";
			};
			name = Release;
		};
		0108AA9A246750AE0012B2C6 /* Debug */ = {
			isa = XCBuildConfiguration;
			buildSettings = {
				ALWAYS_EMBED_SWIFT_STANDARD_LIBRARIES = YES;
				BUNDLE_LOADER = "$(TEST_HOST)";
				CODE_SIGN_STYLE = Automatic;
				DEVELOPMENT_TEAM = TLX7RVSV2G;
				INFOPLIST_FILE = BrewskiesTests/Info.plist;
				IPHONEOS_DEPLOYMENT_TARGET = 13.1;
				LD_RUNPATH_SEARCH_PATHS = (
					"$(inherited)",
					"@executable_path/Frameworks",
					"@loader_path/Frameworks",
				);
				PRODUCT_BUNDLE_IDENTIFIER = nz.ac.r.BrewskiesTests;
				PRODUCT_NAME = "$(TARGET_NAME)";
				SWIFT_VERSION = 5.0;
				TARGETED_DEVICE_FAMILY = "1,2";
				TEST_HOST = "$(BUILT_PRODUCTS_DIR)/Brewskies.app/Brewskies";
			};
			name = Debug;
		};
		0108AA9B246750AE0012B2C6 /* Release */ = {
			isa = XCBuildConfiguration;
			buildSettings = {
				ALWAYS_EMBED_SWIFT_STANDARD_LIBRARIES = YES;
				BUNDLE_LOADER = "$(TEST_HOST)";
				CODE_SIGN_STYLE = Automatic;
				DEVELOPMENT_TEAM = TLX7RVSV2G;
				INFOPLIST_FILE = BrewskiesTests/Info.plist;
				IPHONEOS_DEPLOYMENT_TARGET = 13.1;
				LD_RUNPATH_SEARCH_PATHS = (
					"$(inherited)",
					"@executable_path/Frameworks",
					"@loader_path/Frameworks",
				);
				PRODUCT_BUNDLE_IDENTIFIER = nz.ac.r.BrewskiesTests;
				PRODUCT_NAME = "$(TARGET_NAME)";
				SWIFT_VERSION = 5.0;
				TARGETED_DEVICE_FAMILY = "1,2";
				TEST_HOST = "$(BUILT_PRODUCTS_DIR)/Brewskies.app/Brewskies";
			};
			name = Release;
		};
/* End XCBuildConfiguration section */

/* Begin XCConfigurationList section */
		0108AA72246750AB0012B2C6 /* Build configuration list for PBXProject "Brewskies" */ = {
			isa = XCConfigurationList;
			buildConfigurations = (
				0108AA94246750AE0012B2C6 /* Debug */,
				0108AA95246750AE0012B2C6 /* Release */,
			);
			defaultConfigurationIsVisible = 0;
			defaultConfigurationName = Release;
		};
		0108AA96246750AE0012B2C6 /* Build configuration list for PBXNativeTarget "Brewskies" */ = {
			isa = XCConfigurationList;
			buildConfigurations = (
				0108AA97246750AE0012B2C6 /* Debug */,
				0108AA98246750AE0012B2C6 /* Release */,
			);
			defaultConfigurationIsVisible = 0;
			defaultConfigurationName = Release;
		};
		0108AA99246750AE0012B2C6 /* Build configuration list for PBXNativeTarget "BrewskiesTests" */ = {
			isa = XCConfigurationList;
			buildConfigurations = (
				0108AA9A246750AE0012B2C6 /* Debug */,
				0108AA9B246750AE0012B2C6 /* Release */,
			);
			defaultConfigurationIsVisible = 0;
			defaultConfigurationName = Release;
		};
/* End XCConfigurationList section */

/* Begin XCRemoteSwiftPackageReference section */
		011CDF2D246A30BA0066D2F4 /* XCRemoteSwiftPackageReference "swift-composable-architecture" */ = {
			isa = XCRemoteSwiftPackageReference;
			repositoryURL = "https://github.com/pointfreeco/swift-composable-architecture";
			requirement = {
				kind = upToNextMajorVersion;
				minimumVersion = 0.1.3;
			};
		};
/* End XCRemoteSwiftPackageReference section */

/* Begin XCSwiftPackageProductDependency section */
		011CDF2E246A30BA0066D2F4 /* ComposableArchitecture */ = {
			isa = XCSwiftPackageProductDependency;
			package = 011CDF2D246A30BA0066D2F4 /* XCRemoteSwiftPackageReference "swift-composable-architecture" */;
			productName = ComposableArchitecture;
		};
/* End XCSwiftPackageProductDependency section */
	};
	rootObject = 0108AA6F246750AB0012B2C6 /* Project object */;
}
